
Microsoft Visual Studio Solution File, Format Version 12.00
# Visual Studio Version 16
VisualStudioVersion = 16.0.30204.135
MinimumVisualStudioVersion = 10.0.40219.1
Project("{FAE04EC0-301F-11D3-BF4B-00C04F79EFBC}") = "CorporateArena.Presentation.Core", "CorporateArena\CorporateArena.Presentation.Core.csproj", "{FEEC824E-085E-48F1-91FD-DC473CE5A64B}"
EndProject
Project("{FAE04EC0-301F-11D3-BF4B-00C04F79EFBC}") = "CorporateArena.Infrastructure.Core", "CoreporateArena.Infrastructure.Core\CorporateArena.Infrastructure.Core.csproj", "{0FC759EE-895E-4797-859D-2EDFA37D1BFE}"
EndProject
Project("{FAE04EC0-301F-11D3-BF4B-00C04F79EFBC}") = "CorporateArena.Domain.Core", "CoreporateArena.Domain.Core\CorporateArena.Domain.Core.csproj", "{6A3FECB1-550C-4896-84DF-31BE76E9B98C}"
EndProject
Global
	GlobalSection(SolutionConfigurationPlatforms) = preSolution
		Debug|Any CPU = Debug|Any CPU
		Release|Any CPU = Release|Any CPU
	EndGlobalSection
	GlobalSection(ProjectConfigurationPlatforms) = postSolution
		{FEEC824E-085E-48F1-91FD-DC473CE5A64B}.Debug|Any CPU.ActiveCfg = Debug|Any CPU
		{FEEC824E-085E-48F1-91FD-DC473CE5A64B}.Debug|Any CPU.Build.0 = Debug|Any CPU
		{FEEC824E-085E-48F1-91FD-DC473CE5A64B}.Release|Any CPU.ActiveCfg = Release|Any CPU
		{FEEC824E-085E-48F1-91FD-DC473CE5A64B}.Release|Any CPU.Build.0 = Release|Any CPU
		{0FC759EE-895E-4797-859D-2EDFA37D1BFE}.Debug|Any CPU.ActiveCfg = Debug|Any CPU
		{0FC759EE-895E-4797-859D-2EDFA37D1BFE}.Debug|Any CPU.Build.0 = Debug|Any CPU
		{0FC759EE-895E-4797-859D-2EDFA37D1BFE}.Release|Any CPU.ActiveCfg = Release|Any CPU
		{0FC759EE-895E-4797-859D-2EDFA37D1BFE}.Release|Any CPU.Build.0 = Release|Any CPU
		{6A3FECB1-550C-4896-84DF-31BE76E9B98C}.Debug|Any CPU.ActiveCfg = Debug|Any CPU
		{6A3FECB1-550C-4896-84DF-31BE76E9B98C}.Debug|Any CPU.Build.0 = Debug|Any CPU
		{6A3FECB1-550C-4896-84DF-31BE76E9B98C}.Release|Any CPU.ActiveCfg = Release|Any CPU
		{6A3FECB1-550C-4896-84DF-31BE76E9B98C}.Release|Any CPU.Build.0 = Release|Any CPU
	EndGlobalSection
	GlobalSection(SolutionProperties) = preSolution
		HideSolutionNode = FALSE
	EndGlobalSection
	GlobalSection(ExtensibilityGlobals) = postSolution
		SolutionGuid = {1AA4D7E2-2FE6-4B76-9BE4-D97FD9894F39}
	EndGlobalSection
EndGlobal
